
Microsoft Visual Studio Solution File, Format Version 12.00
# Visual Studio 2013
VisualStudioVersion = 12.0.30723.0
MinimumVisualStudioVersion = 10.0.40219.1
Project("{CC5FD16D-436D-48AD-A40C-5A424C6E3E79}") = "FarmFinder", "FarmFinder\FarmFinder.ccproj", "{88182473-908A-4FE9-8B76-174E14A136F3}"
EndProject
Project("{FAE04EC0-301F-11D3-BF4B-00C04F79EFBC}") = "IndexUpdatingQueue", "IndexUpdatingQueue\IndexUpdatingQueue.csproj", "{F2588D87-7035-45EB-ABA5-D051AEA79124}"
EndProject
Project("{FAE04EC0-301F-11D3-BF4B-00C04F79EFBC}") = "WebSite", "WebSite\WebSite.csproj", "{3E0BA07E-45D7-4186-8EBA-6C9C1A707584}"
EndProject
Global
	GlobalSection(SolutionConfigurationPlatforms) = preSolution
		Debug|Any CPU = Debug|Any CPU
		Release|Any CPU = Release|Any CPU
	EndGlobalSection
	GlobalSection(ProjectConfigurationPlatforms) = postSolution
		{88182473-908A-4FE9-8B76-174E14A136F3}.Debug|Any CPU.ActiveCfg = Debug|Any CPU
		{88182473-908A-4FE9-8B76-174E14A136F3}.Debug|Any CPU.Build.0 = Debug|Any CPU
		{88182473-908A-4FE9-8B76-174E14A136F3}.Release|Any CPU.ActiveCfg = Release|Any CPU
		{88182473-908A-4FE9-8B76-174E14A136F3}.Release|Any CPU.Build.0 = Release|Any CPU
		{F2588D87-7035-45EB-ABA5-D051AEA79124}.Debug|Any CPU.ActiveCfg = Debug|Any CPU
		{F2588D87-7035-45EB-ABA5-D051AEA79124}.Debug|Any CPU.Build.0 = Debug|Any CPU
		{F2588D87-7035-45EB-ABA5-D051AEA79124}.Release|Any CPU.ActiveCfg = Release|Any CPU
		{F2588D87-7035-45EB-ABA5-D051AEA79124}.Release|Any CPU.Build.0 = Release|Any CPU
		{3E0BA07E-45D7-4186-8EBA-6C9C1A707584}.Debug|Any CPU.ActiveCfg = Debug|Any CPU
		{3E0BA07E-45D7-4186-8EBA-6C9C1A707584}.Debug|Any CPU.Build.0 = Debug|Any CPU
		{3E0BA07E-45D7-4186-8EBA-6C9C1A707584}.Release|Any CPU.ActiveCfg = Release|Any CPU
		{3E0BA07E-45D7-4186-8EBA-6C9C1A707584}.Release|Any CPU.Build.0 = Release|Any CPU
	EndGlobalSection
	GlobalSection(SolutionProperties) = preSolution
		HideSolutionNode = FALSE
	EndGlobalSection
EndGlobal
