
Microsoft Visual Studio Solution File, Format Version 12.00
# Visual Studio 2013
VisualStudioVersion = 12.0.30723.0
MinimumVisualStudioVersion = 10.0.40219.1
Project("{CC5FD16D-436D-48AD-A40C-5A424C6E3E79}") = "FarmFinder", "FarmFinder\FarmFinder.ccproj", "{88182473-908A-4FE9-8B76-174E14A136F3}"
EndProject
Project("{2150E333-8FDC-42A3-9474-1A3956D46DE8}") = "PublishScripts", "PublishScripts", "{664F86E7-8041-4D96-A30C-84032FC709C2}"
	ProjectSection(SolutionItems) = preProject
		PublishScripts\AzureWebsitePublishModule.psm1 = PublishScripts\AzureWebsitePublishModule.psm1
		PublishScripts\Publish-WebApplicationWebsite.ps1 = PublishScripts\Publish-WebApplicationWebsite.ps1
	EndProjectSection
EndProject
Project("{2150E333-8FDC-42A3-9474-1A3956D46DE8}") = "Configurations", "Configurations", "{29D78BF8-9E0A-4ACD-AAA2-754369248608}"
	ProjectSection(SolutionItems) = preProject
		PublishScripts\Configurations\SearchApi-WAWS-dev.json = PublishScripts\Configurations\SearchApi-WAWS-dev.json
	EndProjectSection
EndProject
Project("{FAE04EC0-301F-11D3-BF4B-00C04F79EFBC}") = "FarmFinder.Dtos", "FarmFinder.Dtos\FarmFinder.Dtos.csproj", "{29A59187-14F7-44B0-A6DF-D4E1BA7932F0}"
EndProject
Project("{FAE04EC0-301F-11D3-BF4B-00C04F79EFBC}") = "FarmFinder.SearchApi", "FarmFinder.SearchApi\FarmFinder.SearchApi.csproj", "{E506729F-E5DB-40E4-833D-F49C139C3C32}"
EndProject
Project("{FAE04EC0-301F-11D3-BF4B-00C04F79EFBC}") = "FarmFinder.WebSite", "FarmFinder.WebSite\FarmFinder.WebSite.csproj", "{3E0BA07E-45D7-4186-8EBA-6C9C1A707584}"
EndProject
Project("{FAE04EC0-301F-11D3-BF4B-00C04F79EFBC}") = "FarmFinder.DL", "FarmFinder.DL\FarmFinder.DL.csproj", "{897E8CF6-930A-4ABB-8FD4-D2C02F2F15CC}"
EndProject
Project("{FAE04EC0-301F-11D3-BF4B-00C04F79EFBC}") = "FarmFinder.IndexUpdatingWorker", "FarmFinder.IndexUpdatingWorker\FarmFinder.IndexUpdatingWorker.csproj", "{F2588D87-7035-45EB-ABA5-D051AEA79124}"
EndProject
Global
	GlobalSection(SolutionConfigurationPlatforms) = preSolution
		Debug|Any CPU = Debug|Any CPU
		Release|Any CPU = Release|Any CPU
	EndGlobalSection
	GlobalSection(ProjectConfigurationPlatforms) = postSolution
		{88182473-908A-4FE9-8B76-174E14A136F3}.Debug|Any CPU.ActiveCfg = Debug|Any CPU
		{88182473-908A-4FE9-8B76-174E14A136F3}.Debug|Any CPU.Build.0 = Debug|Any CPU
		{88182473-908A-4FE9-8B76-174E14A136F3}.Release|Any CPU.ActiveCfg = Release|Any CPU
		{88182473-908A-4FE9-8B76-174E14A136F3}.Release|Any CPU.Build.0 = Release|Any CPU
		{29A59187-14F7-44B0-A6DF-D4E1BA7932F0}.Debug|Any CPU.ActiveCfg = Debug|Any CPU
		{29A59187-14F7-44B0-A6DF-D4E1BA7932F0}.Debug|Any CPU.Build.0 = Debug|Any CPU
		{29A59187-14F7-44B0-A6DF-D4E1BA7932F0}.Release|Any CPU.ActiveCfg = Release|Any CPU
		{29A59187-14F7-44B0-A6DF-D4E1BA7932F0}.Release|Any CPU.Build.0 = Release|Any CPU
		{E506729F-E5DB-40E4-833D-F49C139C3C32}.Debug|Any CPU.ActiveCfg = Debug|Any CPU
		{E506729F-E5DB-40E4-833D-F49C139C3C32}.Debug|Any CPU.Build.0 = Debug|Any CPU
		{E506729F-E5DB-40E4-833D-F49C139C3C32}.Release|Any CPU.ActiveCfg = Release|Any CPU
		{E506729F-E5DB-40E4-833D-F49C139C3C32}.Release|Any CPU.Build.0 = Release|Any CPU
		{3E0BA07E-45D7-4186-8EBA-6C9C1A707584}.Debug|Any CPU.ActiveCfg = Debug|Any CPU
		{3E0BA07E-45D7-4186-8EBA-6C9C1A707584}.Debug|Any CPU.Build.0 = Debug|Any CPU
		{3E0BA07E-45D7-4186-8EBA-6C9C1A707584}.Release|Any CPU.ActiveCfg = Release|Any CPU
		{3E0BA07E-45D7-4186-8EBA-6C9C1A707584}.Release|Any CPU.Build.0 = Release|Any CPU
		{897E8CF6-930A-4ABB-8FD4-D2C02F2F15CC}.Debug|Any CPU.ActiveCfg = Debug|Any CPU
		{897E8CF6-930A-4ABB-8FD4-D2C02F2F15CC}.Debug|Any CPU.Build.0 = Debug|Any CPU
		{897E8CF6-930A-4ABB-8FD4-D2C02F2F15CC}.Release|Any CPU.ActiveCfg = Release|Any CPU
		{897E8CF6-930A-4ABB-8FD4-D2C02F2F15CC}.Release|Any CPU.Build.0 = Release|Any CPU
		{F2588D87-7035-45EB-ABA5-D051AEA79124}.Debug|Any CPU.ActiveCfg = Debug|Any CPU
		{F2588D87-7035-45EB-ABA5-D051AEA79124}.Debug|Any CPU.Build.0 = Debug|Any CPU
		{F2588D87-7035-45EB-ABA5-D051AEA79124}.Release|Any CPU.ActiveCfg = Release|Any CPU
		{F2588D87-7035-45EB-ABA5-D051AEA79124}.Release|Any CPU.Build.0 = Release|Any CPU
	EndGlobalSection
	GlobalSection(SolutionProperties) = preSolution
		HideSolutionNode = FALSE
	EndGlobalSection
	GlobalSection(NestedProjects) = preSolution
		{29D78BF8-9E0A-4ACD-AAA2-754369248608} = {664F86E7-8041-4D96-A30C-84032FC709C2}
	EndGlobalSection
EndGlobal
